Microsoft Visual Studio Solution File, Format Version 12.00
# Visual Studio 14
VisualStudioVersion = 14.0.23107.0
MinimumVisualStudioVersion = 10.0.40219.1
Project("{8BC9CEB8-8B4A-11D0-8D11-00A0C91BC942}") = "gctgrab", "gctgrab\gctgrab.vcxproj", "{EB1F17A5-5FE1-49D6-B472-8E9CE8448DD8}"
EndProject
Project("{8BC9CEB8-8B4A-11D0-8D11-00A0C91BC942}") = "gctsend", "gctsend\gctsend.vcxproj", "{6CE0FA24-1FAC-4F38-BE8A-696D88C2A4EE}"
EndProject
Project("{8BC9CEB8-8B4A-11D0-8D11-00A0C91BC942}") = "gctfork", "gctfork\gctfork.vcxproj", "{5B470C4D-1616-42BD-8818-F22B25C1C026}"
EndProject
Global
	GlobalSection(SolutionConfigurationPlatforms) = preSolution
		Debug|x64 = Debug|x64
		Debug|x86 = Debug|x86
		Release|x64 = Release|x64
		Release|x86 = Release|x86
	EndGlobalSection
	GlobalSection(ProjectConfigurationPlatforms) = postSolution
		{EB1F17A5-5FE1-49D6-B472-8E9CE8448DD8}.Debug|x64.ActiveCfg = Debug|Win32
		{EB1F17A5-5FE1-49D6-B472-8E9CE8448DD8}.Debug|x86.ActiveCfg = Debug|Win32
		{EB1F17A5-5FE1-49D6-B472-8E9CE8448DD8}.Debug|x86.Build.0 = Debug|Win32
		{EB1F17A5-5FE1-49D6-B472-8E9CE8448DD8}.Release|x64.ActiveCfg = Release|Win32
		{EB1F17A5-5FE1-49D6-B472-8E9CE8448DD8}.Release|x86.ActiveCfg = Release|Win32
		{EB1F17A5-5FE1-49D6-B472-8E9CE8448DD8}.Release|x86.Build.0 = Release|Win32
		{6CE0FA24-1FAC-4F38-BE8A-696D88C2A4EE}.Debug|x64.ActiveCfg = Debug|Win32
		{6CE0FA24-1FAC-4F38-BE8A-696D88C2A4EE}.Debug|x86.ActiveCfg = Debug|Win32
		{6CE0FA24-1FAC-4F38-BE8A-696D88C2A4EE}.Debug|x86.Build.0 = Debug|Win32
		{6CE0FA24-1FAC-4F38-BE8A-696D88C2A4EE}.Release|x64.ActiveCfg = Release|Win32
		{6CE0FA24-1FAC-4F38-BE8A-696D88C2A4EE}.Release|x86.ActiveCfg = Release|Win32
		{6CE0FA24-1FAC-4F38-BE8A-696D88C2A4EE}.Release|x86.Build.0 = Release|Win32
		{5B470C4D-1616-42BD-8818-F22B25C1C026}.Debug|x64.ActiveCfg = Debug|x64
		{5B470C4D-1616-42BD-8818-F22B25C1C026}.Debug|x64.Build.0 = Debug|x64
		{5B470C4D-1616-42BD-8818-F22B25C1C026}.Debug|x86.ActiveCfg = Debug|Win32
		{5B470C4D-1616-42BD-8818-F22B25C1C026}.Debug|x86.Build.0 = Debug|Win32
		{5B470C4D-1616-42BD-8818-F22B25C1C026}.Release|x64.ActiveCfg = Release|x64
		{5B470C4D-1616-42BD-8818-F22B25C1C026}.Release|x64.Build.0 = Release|x64
		{5B470C4D-1616-42BD-8818-F22B25C1C026}.Release|x86.ActiveCfg = Release|Win32
		{5B470C4D-1616-42BD-8818-F22B25C1C026}.Release|x86.Build.0 = Release|Win32
	EndGlobalSection
	GlobalSection(SolutionProperties) = preSolution
		HideSolutionNode = FALSE
	EndGlobalSection
EndGlobal
